
Microsoft Visual Studio Solution File, Format Version 12.00
# Visual Studio Version 17
VisualStudioVersion = 17.4.33213.308
MinimumVisualStudioVersion = 10.0.40219.1
Project("{FAE04EC0-301F-11D3-BF4B-00C04F79EFBC}") = "WinFormsApp1", "WinFormsApp1\WinFormsApp1.csproj", "{A95DFE4C-5A26-4190-86D5-5E54FAD5B5A5}"
EndProject
Global
	GlobalSection(SolutionConfigurationPlatforms) = preSolution
		Debug|Any CPU = Debug|Any CPU
		Release|Any CPU = Release|Any CPU
	EndGlobalSection
	GlobalSection(ProjectConfigurationPlatforms) = postSolution
		{A95DFE4C-5A26-4190-86D5-5E54FAD5B5A5}.Debug|Any CPU.ActiveCfg = Debug|Any CPU
		{A95DFE4C-5A26-4190-86D5-5E54FAD5B5A5}.Debug|Any CPU.Build.0 = Debug|Any CPU
		{A95DFE4C-5A26-4190-86D5-5E54FAD5B5A5}.Release|Any CPU.ActiveCfg = Release|Any CPU
		{A95DFE4C-5A26-4190-86D5-5E54FAD5B5A5}.Release|Any CPU.Build.0 = Release|Any CPU
	EndGlobalSection
	GlobalSection(SolutionProperties) = preSolution
		HideSolutionNode = FALSE
	EndGlobalSection
	GlobalSection(ExtensibilityGlobals) = postSolution
		SolutionGuid = {7B0B2726-76A2-44AC-A1E0-C9436FF53E25}
	EndGlobalSection
EndGlobal
