
Microsoft Visual Studio Solution File, Format Version 12.00
# Visual Studio Version 17
VisualStudioVersion = 17.5.33424.131
MinimumVisualStudioVersion = 10.0.40219.1
Project("{FAE04EC0-301F-11D3-BF4B-00C04F79EFBC}") = "oefen", "oefen\oefen.csproj", "{30FCB510-7DE5-45CD-A233-616B5A41703E}"
EndProject
Global
	GlobalSection(SolutionConfigurationPlatforms) = preSolution
		Debug|Any CPU = Debug|Any CPU
		Release|Any CPU = Release|Any CPU
	EndGlobalSection
	GlobalSection(ProjectConfigurationPlatforms) = postSolution
		{30FCB510-7DE5-45CD-A233-616B5A41703E}.Debug|Any CPU.ActiveCfg = Debug|Any CPU
		{30FCB510-7DE5-45CD-A233-616B5A41703E}.Debug|Any CPU.Build.0 = Debug|Any CPU
		{30FCB510-7DE5-45CD-A233-616B5A41703E}.Release|Any CPU.ActiveCfg = Release|Any CPU
		{30FCB510-7DE5-45CD-A233-616B5A41703E}.Release|Any CPU.Build.0 = Release|Any CPU
	EndGlobalSection
	GlobalSection(SolutionProperties) = preSolution
		HideSolutionNode = FALSE
	EndGlobalSection
	GlobalSection(ExtensibilityGlobals) = postSolution
		SolutionGuid = {34DF3324-E69D-4C7E-B0B9-C87331D25D78}
	EndGlobalSection
EndGlobal
